<?xml version="1.0" encoding="utf-8"?>
<Project ToolsVersion="4.0" xmlns="http://schemas.microsoft.com/developer/msbuild/2003">
  <ItemGroup>
    <Filter Include="Generated Files">
      <UniqueIdentifier>{71ED8ED8-ACB9-4CE9-BBE1-E00B30144E11}</UniqueIdentifier>
      <Extensions>cpp;c;cxx;moc;h;def;odl;idl;res;</Extensions>
    </Filter>
    <Filter Include="Generated Files">
      <UniqueIdentifier>{71ED8ED8-ACB9-4CE9-BBE1-E00B30144E11}</UniqueIdentifier>
      <Extensions>cpp;c;cxx;moc;h;def;odl;idl;res;</Extensions>
    </Filter>
    <Filter Include="Header Files">
      <UniqueIdentifier>{93995380-89BD-4b04-88EB-625FBE52EBFB}</UniqueIdentifier>
      <Extensions>h;hpp;hxx;hm;inl;inc;xsd</Extensions>
    </Filter>
    <Filter Include="Resource Files">
      <UniqueIdentifier>{D9D6E242-F8AF-46E4-B9FD-80ECBC20BA3E}</UniqueIdentifier>
      <Extensions>qrc;*</Extensions>
      <ParseFiles>false</ParseFiles>
    </Filter>
    <Filter Include="Resource Files">
      <UniqueIdentifier>{D9D6E242-F8AF-46E4-B9FD-80ECBC20BA3E}</UniqueIdentifier>
      <Extensions>qrc;*</Extensions>
      <ParseFiles>false</ParseFiles>
    </Filter>
    <Filter Include="Source Files">
      <UniqueIdentifier>{4FC737F1-C7A5-4376-A066-2A32D752A2FF}</UniqueIdentifier>
      <Extensions>cpp;c;cxx;def;odl;idl;hpj;bat;asm;asmx</Extensions>
    </Filter>
    <Filter Include="OpenGLEngine">
      <UniqueIdentifier>{124c4efb-aec5-46e0-86f9-aef490a02693}</UniqueIdentifier>
    </Filter>
    <Filter Include="Generated Files\Debug">
      <UniqueIdentifier>{a4be66b2-50e7-4848-a584-a4fca0b4668a}</UniqueIdentifier>
      <Extensions>cpp;moc</Extensions>
      <SourceControlFiles>False</SourceControlFiles>
    </Filter>
    <Filter Include="Generated Files\Release">
      <UniqueIdentifier>{5e6251ab-65b6-404a-8360-b584c913c20f}</UniqueIdentifier>
      <Extensions>cpp;moc</Extensions>
      <SourceControlFiles>False</SourceControlFiles>
    </Filter>
  </ItemGroup>
  <ItemGroup>
    <ClCompile Include="OpenGLEngine\DefaultScene.cpp">
      <Filter>OpenGLEngine</Filter>
    </ClCompile>
    <ClCompile Include="OpenGLEngine\EngineException.cpp">
      <Filter>OpenGLEngine</Filter>
    </ClCompile>
    <ClCompile Include="OpenGLEngine\GeometryGenerator.cpp">
      <Filter>OpenGLEngine</Filter>
    </ClCompile>
    <ClCompile Include="OpenGLEngine\GLHelper.cpp">
      <Filter>OpenGLEngine</Filter>
    </ClCompile>
    <ClCompile Include="OpenGLEngine\Graphics.cpp">
      <Filter>OpenGLEngine</Filter>
    </ClCompile>
    <ClCompile Include="OpenGLEngine\main.cpp">
      <Filter>OpenGLEngine</Filter>
    </ClCompile>
    <ClCompile Include="OpenGLEngine\MainWidget.cpp">
      <Filter>OpenGLEngine</Filter>
    </ClCompile>
    <ClCompile Include="GeneratedFiles\Debug\moc_MainWidget.cpp">
      <Filter>Generated Files\Debug</Filter>
    </ClCompile>
    <ClCompile Include="GeneratedFiles\Release\moc_MainWidget.cpp">
      <Filter>Generated Files\Release</Filter>
    </ClCompile>
    <ClCompile Include="OpenGLEngine\MeshGeometry.cpp">
      <Filter>OpenGLEngine</Filter>
    </ClCompile>
    <ClCompile Include="OpenGLEngine\OpenGL.cpp">
      <Filter>OpenGLEngine</Filter>
    </ClCompile>
    <ClCompile Include="OpenGLEngine\RenderItem.cpp">
      <Filter>OpenGLEngine</Filter>
    </ClCompile>
    <ClCompile Include="OpenGLEngine\Utilities.cpp">
      <Filter>OpenGLEngine</Filter>
    </ClCompile>
    <ClCompile Include="GeneratedFiles\qrc_shaders.cpp">
      <Filter>Generated Files</Filter>
    </ClCompile>
    <ClCompile Include="GeneratedFiles\qrc_textures.cpp">
      <Filter>Generated Files</Filter>
    </ClCompile>
  </ItemGroup>
  <ItemGroup>
    <CustomBuild Include="OpenGLEngine\MainWidget.h">
      <Filter>OpenGLEngine</Filter>
    </CustomBuild>
    <CustomBuild Include="Resources\shaders.qrc">
      <Filter>Resource Files</Filter>
    </CustomBuild>
    <CustomBuild Include="Resources\textures.qrc">
      <Filter>Resource Files</Filter>
    </CustomBuild>
  </ItemGroup>
  <ItemGroup>
    <ClInclude Include="OpenGLEngine\DefaultScene.h">
      <Filter>OpenGLEngine</Filter>
    </ClInclude>
    <ClInclude Include="OpenGLEngine\EngineException.h">
      <Filter>OpenGLEngine</Filter>
    </ClInclude>
    <ClInclude Include="OpenGLEngine\GeometryGenerator.h">
      <Filter>OpenGLEngine</Filter>
    </ClInclude>
    <ClInclude Include="OpenGLEngine\GLHelper.h">
      <Filter>OpenGLEngine</Filter>
    </ClInclude>
    <ClInclude Include="OpenGLEngine\Graphics.h">
      <Filter>OpenGLEngine</Filter>
    </ClInclude>
    <ClInclude Include="OpenGLEngine\IScene.h">
      <Filter>OpenGLEngine</Filter>
    </ClInclude>
    <ClInclude Include="OpenGLEngine\MeshGeometry.h">
      <Filter>OpenGLEngine</Filter>
    </ClInclude>
    <ClInclude Include="OpenGLEngine\OpenGL.h">
      <Filter>OpenGLEngine</Filter>
    </ClInclude>
    <ClInclude Include="OpenGLEngine\RenderItem.h">
      <Filter>OpenGLEngine</Filter>
    </ClInclude>
    <ClInclude Include="OpenGLEngine\Utilities.h">
      <Filter>OpenGLEngine</Filter>
    </ClInclude>
    <ClInclude Include="OpenGLEngine\VertexTypes.h">
      <Filter>OpenGLEngine</Filter>
    </ClInclude>
  </ItemGroup>
  <ItemGroup>
    <None Include="Resources\vshader.glsl">
      <Filter>Resource Files</Filter>
    </None>
    <None Include="Resources\fshader.glsl">
      <Filter>Resource Files</Filter>
    </None>
  </ItemGroup>
  <ItemGroup>
    <Image Include="Resources\cube.jpg">
      <Filter>Resource Files</Filter>
    </Image>
  </ItemGroup>
</Project>